
Microsoft Visual Studio Solution File, Format Version 11.00
# Visual Studio 2010
Project("{F184B08F-C81C-45F6-A57F-5ABD9991F28F}") = "MovingControlsAtRuntime", "MovingControlsAtRuntime\MovingControlsAtRuntime.vbproj", "{8545D76A-EEEC-4C23-BBD4-7FFA8FE1A4AC}"
EndProject
Global
	GlobalSection(SolutionConfigurationPlatforms) = preSolution
		Debug|x86 = Debug|x86
		Release|x86 = Release|x86
	EndGlobalSection
	GlobalSection(ProjectConfigurationPlatforms) = postSolution
		{8545D76A-EEEC-4C23-BBD4-7FFA8FE1A4AC}.Debug|x86.ActiveCfg = Debug|x86
		{8545D76A-EEEC-4C23-BBD4-7FFA8FE1A4AC}.Debug|x86.Build.0 = Debug|x86
		{8545D76A-EEEC-4C23-BBD4-7FFA8FE1A4AC}.Release|x86.ActiveCfg = Release|x86
		{8545D76A-EEEC-4C23-BBD4-7FFA8FE1A4AC}.Release|x86.Build.0 = Release|x86
	EndGlobalSection
	GlobalSection(SolutionProperties) = preSolution
		HideSolutionNode = FALSE
	EndGlobalSection
EndGlobal
